
Microsoft Visual Studio Solution File, Format Version 12.00
# Visual Studio Version 17
VisualStudioVersion = 17.2.32616.157
MinimumVisualStudioVersion = 10.0.40219.1
Project("{2150E333-8FDC-42A3-9474-1A3956D46DE8}") = "lib", "lib", "{ED996611-FCEC-4B5A-9C30-DF6AC5C178C1}"
EndProject
Project("{2150E333-8FDC-42A3-9474-1A3956D46DE8}") = "samples", "samples", "{407B179E-ED42-4D2F-A089-D0F3C0283079}"
EndProject
Project("{2150E333-8FDC-42A3-9474-1A3956D46DE8}") = "iPdfWriter.Abstractions", "iPdfWriter.Abstractions", "{59C1DA7E-8E6E-46B8-AE4C-040D2D1E6BC8}"
EndProject
Project("{2150E333-8FDC-42A3-9474-1A3956D46DE8}") = "iPdfWriter", "iPdfWriter", "{6B898F5B-8A14-425D-9546-A264A163721A}"
EndProject
Project("{2150E333-8FDC-42A3-9474-1A3956D46DE8}") = "iTin.Mail", "iTin.Mail", "{39198F87-C536-4F25-B039-8CFF2CBF95A8}"
EndProject
Project("{2150E333-8FDC-42A3-9474-1A3956D46DE8}") = "iTin.Mail.Smtp.Net", "iTin.Mail.Smtp.Net", "{C970A855-5B99-4ACD-8F4D-C37FFD4895BC}"
EndProject
Project("{2150E333-8FDC-42A3-9474-1A3956D46DE8}") = "iTin", "iTin", "{C9E69B7A-1C9B-4CED-89E2-9CD96667CEC0}"
EndProject
Project("{2150E333-8FDC-42A3-9474-1A3956D46DE8}") = "iTin.Mime", "iTin.Mime", "{72707343-2CA5-4014-9A62-D153FCDAE20A}"
EndProject
Project("{2150E333-8FDC-42A3-9474-1A3956D46DE8}") = "FullFramework", "FullFramework", "{4B831680-60F7-4FA9-8010-37D7FB1C0232}"
EndProject
Project("{2150E333-8FDC-42A3-9474-1A3956D46DE8}") = "NetCore", "NetCore", "{378BA4DF-EAA3-422E-9E41-60355DF7D56D}"
EndProject
Project("{9A19103F-16F7-4668-BE54-9A1E7A4F7556}") = "iPdfWriter.Net.Mail.ConsoleApp", "src\samples\FullFramework\iPdfWriter.Net.Mail.ConsoleApp\iPdfWriter.Net.Mail.ConsoleApp.csproj", "{5634706D-01ED-4199-B0E7-7A2AF4381CC7}"
EndProject
Project("{9A19103F-16F7-4668-BE54-9A1E7A4F7556}") = "iPdfWriter.Net.Mail.ConsoleAppAsync", "src\samples\FullFramework\iPdfWriter.Net.Mail.ConsoleAppAsync\iPdfWriter.Net.Mail.ConsoleAppAsync.csproj", "{1C671660-5005-4FE5-8E31-46A414285440}"
EndProject
Project("{9A19103F-16F7-4668-BE54-9A1E7A4F7556}") = "iPdfWriter.NetCore.Mail.ConsoleApp", "src\samples\NetCore\iPdfWriter.NetCore.Mail.ConsoleApp\iPdfWriter.NetCore.Mail.ConsoleApp.csproj", "{973D27DE-A91D-453B-9339-29A9C695EEBB}"
EndProject
Project("{9A19103F-16F7-4668-BE54-9A1E7A4F7556}") = "iPdfWriter.NetCore.Mail.ConsoleAppAsync", "src\samples\NetCore\iPdfWriter.NetCore.Mail.ConsoleAppAsync\iPdfWriter.NetCore.Mail.ConsoleAppAsync.csproj", "{9FFDEF1F-6B54-4161-9181-00DCC5A2DB63}"
EndProject
Project("{9A19103F-16F7-4668-BE54-9A1E7A4F7556}") = "iTin.Mime", "..\..\iTin\iTin.Mime\iTin.Mime\src\iTin.Mime.csproj", "{ADD65935-CC41-46FD-9303-8ED95BD8F05E}"
EndProject
Project("{9A19103F-16F7-4668-BE54-9A1E7A4F7556}") = "iTin.Mail.Smtp.Net", "..\..\iTin\iTin.Mail\iTin.Mail.Smtp.Net\src\iTin.Mail.Smtp.Net.csproj", "{A82361AA-238D-4071-9884-42837DC1B9D1}"
EndProject
Project("{9A19103F-16F7-4668-BE54-9A1E7A4F7556}") = "iPdfWriter.Abstractions.Writer", "..\iPdfWriter.Abstractions\src\lib\iPdfWriter\iPdfWriter.Abstractions.Writer\iPdfWriter.Abstractions.Writer.csproj", "{B05FF4C1-8C13-4620-AE3C-A5F86750489B}"
EndProject
Project("{2150E333-8FDC-42A3-9474-1A3956D46DE8}") = "iTin.Core", "iTin.Core", "{C8F06A71-2734-4499-9920-D1FBD68C99ED}"
EndProject
Project("{2150E333-8FDC-42A3-9474-1A3956D46DE8}") = "iTin.Core.IO", "iTin.Core.IO", "{BEA4866C-9610-43CE-80BE-D21E9303555E}"
EndProject
Project("{9A19103F-16F7-4668-BE54-9A1E7A4F7556}") = "iTin.Core.IO", "..\..\iTin\iTin.Core\iTin.Core.IO\src\iTin.Core.IO.csproj", "{B8A2606D-FE3B-4CCB-9A48-ED85F0CD133F}"
EndProject
Project("{9A19103F-16F7-4668-BE54-9A1E7A4F7556}") = "iPdfWriter.Mail", "src\lib\iPdfWriter.Mail.csproj", "{FB9252F5-10A5-40CE-8BCD-6601299C7108}"
EndProject
Project("{2150E333-8FDC-42A3-9474-1A3956D46DE8}") = "iPdfWriter", "iPdfWriter", "{81060B1B-5831-4FCC-AC67-DBBA1A6DF854}"
EndProject
Project("{9A19103F-16F7-4668-BE54-9A1E7A4F7556}") = "iPdfWriter", "..\iPdfWriter\src\lib\iPdfWriter\iPdfWriter\iPdfWriter.csproj", "{49F0A0BD-5F2C-410F-920F-B8E59161975B}"
EndProject
Global
	GlobalSection(SolutionConfigurationPlatforms) = preSolution
		Debug|Any CPU = Debug|Any CPU
		Release|Any CPU = Release|Any CPU
	EndGlobalSection
	GlobalSection(ProjectConfigurationPlatforms) = postSolution
		{5634706D-01ED-4199-B0E7-7A2AF4381CC7}.Debug|Any CPU.ActiveCfg = Debug|Any CPU
		{5634706D-01ED-4199-B0E7-7A2AF4381CC7}.Debug|Any CPU.Build.0 = Debug|Any CPU
		{5634706D-01ED-4199-B0E7-7A2AF4381CC7}.Release|Any CPU.ActiveCfg = Release|Any CPU
		{5634706D-01ED-4199-B0E7-7A2AF4381CC7}.Release|Any CPU.Build.0 = Release|Any CPU
		{1C671660-5005-4FE5-8E31-46A414285440}.Debug|Any CPU.ActiveCfg = Debug|Any CPU
		{1C671660-5005-4FE5-8E31-46A414285440}.Debug|Any CPU.Build.0 = Debug|Any CPU
		{1C671660-5005-4FE5-8E31-46A414285440}.Release|Any CPU.ActiveCfg = Release|Any CPU
		{1C671660-5005-4FE5-8E31-46A414285440}.Release|Any CPU.Build.0 = Release|Any CPU
		{973D27DE-A91D-453B-9339-29A9C695EEBB}.Debug|Any CPU.ActiveCfg = Debug|Any CPU
		{973D27DE-A91D-453B-9339-29A9C695EEBB}.Debug|Any CPU.Build.0 = Debug|Any CPU
		{973D27DE-A91D-453B-9339-29A9C695EEBB}.Release|Any CPU.ActiveCfg = Release|Any CPU
		{973D27DE-A91D-453B-9339-29A9C695EEBB}.Release|Any CPU.Build.0 = Release|Any CPU
		{9FFDEF1F-6B54-4161-9181-00DCC5A2DB63}.Debug|Any CPU.ActiveCfg = Debug|Any CPU
		{9FFDEF1F-6B54-4161-9181-00DCC5A2DB63}.Debug|Any CPU.Build.0 = Debug|Any CPU
		{9FFDEF1F-6B54-4161-9181-00DCC5A2DB63}.Release|Any CPU.ActiveCfg = Release|Any CPU
		{9FFDEF1F-6B54-4161-9181-00DCC5A2DB63}.Release|Any CPU.Build.0 = Release|Any CPU
		{ADD65935-CC41-46FD-9303-8ED95BD8F05E}.Debug|Any CPU.ActiveCfg = Debug|Any CPU
		{ADD65935-CC41-46FD-9303-8ED95BD8F05E}.Debug|Any CPU.Build.0 = Debug|Any CPU
		{ADD65935-CC41-46FD-9303-8ED95BD8F05E}.Release|Any CPU.ActiveCfg = Release|Any CPU
		{ADD65935-CC41-46FD-9303-8ED95BD8F05E}.Release|Any CPU.Build.0 = Release|Any CPU
		{A82361AA-238D-4071-9884-42837DC1B9D1}.Debug|Any CPU.ActiveCfg = Debug|Any CPU
		{A82361AA-238D-4071-9884-42837DC1B9D1}.Debug|Any CPU.Build.0 = Debug|Any CPU
		{A82361AA-238D-4071-9884-42837DC1B9D1}.Release|Any CPU.ActiveCfg = Release|Any CPU
		{A82361AA-238D-4071-9884-42837DC1B9D1}.Release|Any CPU.Build.0 = Release|Any CPU
		{B05FF4C1-8C13-4620-AE3C-A5F86750489B}.Debug|Any CPU.ActiveCfg = Debug|Any CPU
		{B05FF4C1-8C13-4620-AE3C-A5F86750489B}.Debug|Any CPU.Build.0 = Debug|Any CPU
		{B05FF4C1-8C13-4620-AE3C-A5F86750489B}.Release|Any CPU.ActiveCfg = Release|Any CPU
		{B05FF4C1-8C13-4620-AE3C-A5F86750489B}.Release|Any CPU.Build.0 = Release|Any CPU
		{B8A2606D-FE3B-4CCB-9A48-ED85F0CD133F}.Debug|Any CPU.ActiveCfg = Debug|Any CPU
		{B8A2606D-FE3B-4CCB-9A48-ED85F0CD133F}.Debug|Any CPU.Build.0 = Debug|Any CPU
		{B8A2606D-FE3B-4CCB-9A48-ED85F0CD133F}.Release|Any CPU.ActiveCfg = Release|Any CPU
		{B8A2606D-FE3B-4CCB-9A48-ED85F0CD133F}.Release|Any CPU.Build.0 = Release|Any CPU
		{FB9252F5-10A5-40CE-8BCD-6601299C7108}.Debug|Any CPU.ActiveCfg = Debug|Any CPU
		{FB9252F5-10A5-40CE-8BCD-6601299C7108}.Debug|Any CPU.Build.0 = Debug|Any CPU
		{FB9252F5-10A5-40CE-8BCD-6601299C7108}.Release|Any CPU.ActiveCfg = Release|Any CPU
		{FB9252F5-10A5-40CE-8BCD-6601299C7108}.Release|Any CPU.Build.0 = Release|Any CPU
		{49F0A0BD-5F2C-410F-920F-B8E59161975B}.Debug|Any CPU.ActiveCfg = Debug|Any CPU
		{49F0A0BD-5F2C-410F-920F-B8E59161975B}.Debug|Any CPU.Build.0 = Debug|Any CPU
		{49F0A0BD-5F2C-410F-920F-B8E59161975B}.Release|Any CPU.ActiveCfg = Release|Any CPU
		{49F0A0BD-5F2C-410F-920F-B8E59161975B}.Release|Any CPU.Build.0 = Release|Any CPU
	EndGlobalSection
	GlobalSection(SolutionProperties) = preSolution
		HideSolutionNode = FALSE
	EndGlobalSection
	GlobalSection(NestedProjects) = preSolution
		{59C1DA7E-8E6E-46B8-AE4C-040D2D1E6BC8} = {6B898F5B-8A14-425D-9546-A264A163721A}
		{6B898F5B-8A14-425D-9546-A264A163721A} = {ED996611-FCEC-4B5A-9C30-DF6AC5C178C1}
		{39198F87-C536-4F25-B039-8CFF2CBF95A8} = {C9E69B7A-1C9B-4CED-89E2-9CD96667CEC0}
		{C970A855-5B99-4ACD-8F4D-C37FFD4895BC} = {39198F87-C536-4F25-B039-8CFF2CBF95A8}
		{C9E69B7A-1C9B-4CED-89E2-9CD96667CEC0} = {ED996611-FCEC-4B5A-9C30-DF6AC5C178C1}
		{72707343-2CA5-4014-9A62-D153FCDAE20A} = {C9E69B7A-1C9B-4CED-89E2-9CD96667CEC0}
		{4B831680-60F7-4FA9-8010-37D7FB1C0232} = {407B179E-ED42-4D2F-A089-D0F3C0283079}
		{378BA4DF-EAA3-422E-9E41-60355DF7D56D} = {407B179E-ED42-4D2F-A089-D0F3C0283079}
		{5634706D-01ED-4199-B0E7-7A2AF4381CC7} = {4B831680-60F7-4FA9-8010-37D7FB1C0232}
		{1C671660-5005-4FE5-8E31-46A414285440} = {4B831680-60F7-4FA9-8010-37D7FB1C0232}
		{973D27DE-A91D-453B-9339-29A9C695EEBB} = {378BA4DF-EAA3-422E-9E41-60355DF7D56D}
		{9FFDEF1F-6B54-4161-9181-00DCC5A2DB63} = {378BA4DF-EAA3-422E-9E41-60355DF7D56D}
		{ADD65935-CC41-46FD-9303-8ED95BD8F05E} = {72707343-2CA5-4014-9A62-D153FCDAE20A}
		{A82361AA-238D-4071-9884-42837DC1B9D1} = {C970A855-5B99-4ACD-8F4D-C37FFD4895BC}
		{B05FF4C1-8C13-4620-AE3C-A5F86750489B} = {59C1DA7E-8E6E-46B8-AE4C-040D2D1E6BC8}
		{C8F06A71-2734-4499-9920-D1FBD68C99ED} = {C9E69B7A-1C9B-4CED-89E2-9CD96667CEC0}
		{BEA4866C-9610-43CE-80BE-D21E9303555E} = {C8F06A71-2734-4499-9920-D1FBD68C99ED}
		{B8A2606D-FE3B-4CCB-9A48-ED85F0CD133F} = {BEA4866C-9610-43CE-80BE-D21E9303555E}
		{81060B1B-5831-4FCC-AC67-DBBA1A6DF854} = {6B898F5B-8A14-425D-9546-A264A163721A}
		{49F0A0BD-5F2C-410F-920F-B8E59161975B} = {81060B1B-5831-4FCC-AC67-DBBA1A6DF854}
	EndGlobalSection
	GlobalSection(ExtensibilityGlobals) = postSolution
		SolutionGuid = {7E253257-825E-40F1-9BD8-3624F02E7544}
	EndGlobalSection
EndGlobal
