
Microsoft Visual Studio Solution File, Format Version 12.00
# Visual Studio Version 17
VisualStudioVersion = 17.2.32616.157
MinimumVisualStudioVersion = 10.0.40219.1
Project("{2150E333-8FDC-42A3-9474-1A3956D46DE8}") = "lib", "lib", "{ED996611-FCEC-4B5A-9C30-DF6AC5C178C1}"
EndProject
Project("{2150E333-8FDC-42A3-9474-1A3956D46DE8}") = "samples", "samples", "{407B179E-ED42-4D2F-A089-D0F3C0283079}"
EndProject
Project("{2150E333-8FDC-42A3-9474-1A3956D46DE8}") = "iTin.Core", "iTin.Core", "{E395D3DB-DAC6-48FF-9AE7-D073D4F8BF1B}"
EndProject
Project("{2150E333-8FDC-42A3-9474-1A3956D46DE8}") = "iTin.Registry", "iTin.Registry", "{5D01FE95-A73D-4F46-BCD6-FA67AE81C25A}"
EndProject
Project("{2150E333-8FDC-42A3-9474-1A3956D46DE8}") = "iTin.Core", "iTin.Core", "{5ECD1654-963D-4071-8672-F3A21C1C420B}"
EndProject
Project("{2150E333-8FDC-42A3-9474-1A3956D46DE8}") = "iTin.Registry.Windows", "iTin.Registry.Windows", "{C0C454E7-3ACF-4BC3-8FE7-D7C56A8CC21E}"
EndProject
Project("{2150E333-8FDC-42A3-9474-1A3956D46DE8}") = "iPdfWriter.Mail", "iPdfWriter.Mail", "{59C1DA7E-8E6E-46B8-AE4C-040D2D1E6BC8}"
EndProject
Project("{2150E333-8FDC-42A3-9474-1A3956D46DE8}") = "iTin.Core.IO", "iTin.Core.IO", "{BFB77FD3-DD27-4913-88BD-38D8D2774811}"
EndProject
Project("{2150E333-8FDC-42A3-9474-1A3956D46DE8}") = "iTin.Core.IO", "iTin.Core.IO", "{0AC21C07-EE0B-43A4-8C53-D57C32C2FB4E}"
EndProject
Project("{2150E333-8FDC-42A3-9474-1A3956D46DE8}") = "iTin.Logging", "iTin.Logging", "{48917FD9-3CED-486B-ADA7-17264AAC5BD3}"
EndProject
Project("{2150E333-8FDC-42A3-9474-1A3956D46DE8}") = "iTin.Logging", "iTin.Logging", "{0D4B5CD8-AB14-4AB7-89F9-94145E8B851D}"
EndProject
Project("{2150E333-8FDC-42A3-9474-1A3956D46DE8}") = "iPdfWriter.Mail", "iPdfWriter.Mail", "{247E0F3C-42F1-422C-BAA3-B70A9FB491A8}"
EndProject
Project("{2150E333-8FDC-42A3-9474-1A3956D46DE8}") = "iPdfWriter", "iPdfWriter", "{6B898F5B-8A14-425D-9546-A264A163721A}"
EndProject
Project("{2150E333-8FDC-42A3-9474-1A3956D46DE8}") = "iTin.Mail", "iTin.Mail", "{39198F87-C536-4F25-B039-8CFF2CBF95A8}"
EndProject
Project("{2150E333-8FDC-42A3-9474-1A3956D46DE8}") = "iTin.Mail.Smtp.Net", "iTin.Mail.Smtp.Net", "{C970A855-5B99-4ACD-8F4D-C37FFD4895BC}"
EndProject
Project("{2150E333-8FDC-42A3-9474-1A3956D46DE8}") = "iTin", "iTin", "{C9E69B7A-1C9B-4CED-89E2-9CD96667CEC0}"
EndProject
Project("{9A19103F-16F7-4668-BE54-9A1E7A4F7556}") = "iTin.Logging", "src\lib\iTin\iTin.Logging\iTin.Logging\iTin.Logging.csproj", "{73897096-8F72-4A19-97D2-28D9DD10C4E0}"
EndProject
Project("{9A19103F-16F7-4668-BE54-9A1E7A4F7556}") = "iTin.Core", "src\lib\iTin\iTin.Core\iTin.Core\iTin.Core.csproj", "{A8097412-7874-4E51-9E9A-40D75BF92846}"
EndProject
Project("{9A19103F-16F7-4668-BE54-9A1E7A4F7556}") = "iTin.Core.IO", "src\lib\iTin\iTin.Core\iTin.Core.IO\iTin.Core.IO.csproj", "{A27F01EE-6D12-414E-916B-E38F987A11C0}"
EndProject
Project("{9A19103F-16F7-4668-BE54-9A1E7A4F7556}") = "iTin.Registry.Windows", "src\lib\iTin\iTin.Registry\iTin.Registry.Windows\iTin.Registry.Windows.csproj", "{C8FA9556-8EA5-47A5-B334-AE106EE03567}"
EndProject
Project("{9A19103F-16F7-4668-BE54-9A1E7A4F7556}") = "iTin.Mail.Smtp.Net", "src\lib\iTin\iTin.Mail\iTin.Mail.Smtp.Net\iTin.Mail.Smtp.Net.csproj", "{AE2C979B-4EA3-4756-9C84-71DF2EE81B75}"
EndProject
Project("{2150E333-8FDC-42A3-9474-1A3956D46DE8}") = "iTin.Mime", "iTin.Mime", "{72707343-2CA5-4014-9A62-D153FCDAE20A}"
EndProject
Project("{2150E333-8FDC-42A3-9474-1A3956D46DE8}") = "iTin.Mime", "iTin.Mime", "{DE1CD579-BE08-45E9-977B-6AD5C2D3F928}"
EndProject
Project("{9A19103F-16F7-4668-BE54-9A1E7A4F7556}") = "iTin.Mime", "src\lib\iTin\iTin.Mime\iTin.Mime\iTin.Mime.csproj", "{0B027F0F-8FAA-4432-A00B-8FB7B34C7098}"
EndProject
Project("{2150E333-8FDC-42A3-9474-1A3956D46DE8}") = "FullFramework", "FullFramework", "{4B831680-60F7-4FA9-8010-37D7FB1C0232}"
EndProject
Project("{2150E333-8FDC-42A3-9474-1A3956D46DE8}") = "NetCore", "NetCore", "{378BA4DF-EAA3-422E-9E41-60355DF7D56D}"
EndProject
Project("{9A19103F-16F7-4668-BE54-9A1E7A4F7556}") = "iPdfWriter.Net.Mail.ConsoleApp", "src\samples\FullFramework\iPdfWriter.Net.Mail.ConsoleApp\iPdfWriter.Net.Mail.ConsoleApp.csproj", "{5634706D-01ED-4199-B0E7-7A2AF4381CC7}"
EndProject
Project("{9A19103F-16F7-4668-BE54-9A1E7A4F7556}") = "iPdfWriter.Net.Mail.ConsoleAppAsync", "src\samples\FullFramework\iPdfWriter.Net.Mail.ConsoleAppAsync\iPdfWriter.Net.Mail.ConsoleAppAsync.csproj", "{1C671660-5005-4FE5-8E31-46A414285440}"
EndProject
Project("{9A19103F-16F7-4668-BE54-9A1E7A4F7556}") = "iPdfWriter.NetCore.Mail.ConsoleApp", "src\samples\NetCore\iPdfWriter.NetCore.Mail.ConsoleApp\iPdfWriter.NetCore.Mail.ConsoleApp.csproj", "{973D27DE-A91D-453B-9339-29A9C695EEBB}"
EndProject
Project("{9A19103F-16F7-4668-BE54-9A1E7A4F7556}") = "iPdfWriter.NetCore.Mail.ConsoleAppAsync", "src\samples\NetCore\iPdfWriter.NetCore.Mail.ConsoleAppAsync\iPdfWriter.NetCore.Mail.ConsoleAppAsync.csproj", "{9FFDEF1F-6B54-4161-9181-00DCC5A2DB63}"
EndProject
Project("{9A19103F-16F7-4668-BE54-9A1E7A4F7556}") = "iPdfWriter.Mail", "src\lib\iPdfWriter\iPdfWriter.Mail\iPdfWriter.Mail.csproj", "{C410EB5B-1118-47CA-819B-6866B9C8D6C2}"
EndProject
Global
	GlobalSection(SolutionConfigurationPlatforms) = preSolution
		Debug|Any CPU = Debug|Any CPU
		Release|Any CPU = Release|Any CPU
	EndGlobalSection
	GlobalSection(ProjectConfigurationPlatforms) = postSolution
		{73897096-8F72-4A19-97D2-28D9DD10C4E0}.Debug|Any CPU.ActiveCfg = Debug|Any CPU
		{73897096-8F72-4A19-97D2-28D9DD10C4E0}.Debug|Any CPU.Build.0 = Debug|Any CPU
		{73897096-8F72-4A19-97D2-28D9DD10C4E0}.Release|Any CPU.ActiveCfg = Release|Any CPU
		{73897096-8F72-4A19-97D2-28D9DD10C4E0}.Release|Any CPU.Build.0 = Release|Any CPU
		{A8097412-7874-4E51-9E9A-40D75BF92846}.Debug|Any CPU.ActiveCfg = Debug|Any CPU
		{A8097412-7874-4E51-9E9A-40D75BF92846}.Debug|Any CPU.Build.0 = Debug|Any CPU
		{A8097412-7874-4E51-9E9A-40D75BF92846}.Release|Any CPU.ActiveCfg = Release|Any CPU
		{A8097412-7874-4E51-9E9A-40D75BF92846}.Release|Any CPU.Build.0 = Release|Any CPU
		{A27F01EE-6D12-414E-916B-E38F987A11C0}.Debug|Any CPU.ActiveCfg = Debug|Any CPU
		{A27F01EE-6D12-414E-916B-E38F987A11C0}.Debug|Any CPU.Build.0 = Debug|Any CPU
		{A27F01EE-6D12-414E-916B-E38F987A11C0}.Release|Any CPU.ActiveCfg = Release|Any CPU
		{A27F01EE-6D12-414E-916B-E38F987A11C0}.Release|Any CPU.Build.0 = Release|Any CPU
		{C8FA9556-8EA5-47A5-B334-AE106EE03567}.Debug|Any CPU.ActiveCfg = Debug|Any CPU
		{C8FA9556-8EA5-47A5-B334-AE106EE03567}.Debug|Any CPU.Build.0 = Debug|Any CPU
		{C8FA9556-8EA5-47A5-B334-AE106EE03567}.Release|Any CPU.ActiveCfg = Release|Any CPU
		{C8FA9556-8EA5-47A5-B334-AE106EE03567}.Release|Any CPU.Build.0 = Release|Any CPU
		{AE2C979B-4EA3-4756-9C84-71DF2EE81B75}.Debug|Any CPU.ActiveCfg = Debug|Any CPU
		{AE2C979B-4EA3-4756-9C84-71DF2EE81B75}.Debug|Any CPU.Build.0 = Debug|Any CPU
		{AE2C979B-4EA3-4756-9C84-71DF2EE81B75}.Release|Any CPU.ActiveCfg = Release|Any CPU
		{AE2C979B-4EA3-4756-9C84-71DF2EE81B75}.Release|Any CPU.Build.0 = Release|Any CPU
		{0B027F0F-8FAA-4432-A00B-8FB7B34C7098}.Debug|Any CPU.ActiveCfg = Debug|Any CPU
		{0B027F0F-8FAA-4432-A00B-8FB7B34C7098}.Debug|Any CPU.Build.0 = Debug|Any CPU
		{0B027F0F-8FAA-4432-A00B-8FB7B34C7098}.Release|Any CPU.ActiveCfg = Release|Any CPU
		{0B027F0F-8FAA-4432-A00B-8FB7B34C7098}.Release|Any CPU.Build.0 = Release|Any CPU
		{5634706D-01ED-4199-B0E7-7A2AF4381CC7}.Debug|Any CPU.ActiveCfg = Debug|Any CPU
		{5634706D-01ED-4199-B0E7-7A2AF4381CC7}.Debug|Any CPU.Build.0 = Debug|Any CPU
		{5634706D-01ED-4199-B0E7-7A2AF4381CC7}.Release|Any CPU.ActiveCfg = Release|Any CPU
		{5634706D-01ED-4199-B0E7-7A2AF4381CC7}.Release|Any CPU.Build.0 = Release|Any CPU
		{1C671660-5005-4FE5-8E31-46A414285440}.Debug|Any CPU.ActiveCfg = Debug|Any CPU
		{1C671660-5005-4FE5-8E31-46A414285440}.Debug|Any CPU.Build.0 = Debug|Any CPU
		{1C671660-5005-4FE5-8E31-46A414285440}.Release|Any CPU.ActiveCfg = Release|Any CPU
		{1C671660-5005-4FE5-8E31-46A414285440}.Release|Any CPU.Build.0 = Release|Any CPU
		{973D27DE-A91D-453B-9339-29A9C695EEBB}.Debug|Any CPU.ActiveCfg = Debug|Any CPU
		{973D27DE-A91D-453B-9339-29A9C695EEBB}.Debug|Any CPU.Build.0 = Debug|Any CPU
		{973D27DE-A91D-453B-9339-29A9C695EEBB}.Release|Any CPU.ActiveCfg = Release|Any CPU
		{973D27DE-A91D-453B-9339-29A9C695EEBB}.Release|Any CPU.Build.0 = Release|Any CPU
		{9FFDEF1F-6B54-4161-9181-00DCC5A2DB63}.Debug|Any CPU.ActiveCfg = Debug|Any CPU
		{9FFDEF1F-6B54-4161-9181-00DCC5A2DB63}.Debug|Any CPU.Build.0 = Debug|Any CPU
		{9FFDEF1F-6B54-4161-9181-00DCC5A2DB63}.Release|Any CPU.ActiveCfg = Release|Any CPU
		{9FFDEF1F-6B54-4161-9181-00DCC5A2DB63}.Release|Any CPU.Build.0 = Release|Any CPU
		{C410EB5B-1118-47CA-819B-6866B9C8D6C2}.Debug|Any CPU.ActiveCfg = Debug|Any CPU
		{C410EB5B-1118-47CA-819B-6866B9C8D6C2}.Debug|Any CPU.Build.0 = Debug|Any CPU
		{C410EB5B-1118-47CA-819B-6866B9C8D6C2}.Release|Any CPU.ActiveCfg = Release|Any CPU
		{C410EB5B-1118-47CA-819B-6866B9C8D6C2}.Release|Any CPU.Build.0 = Release|Any CPU
	EndGlobalSection
	GlobalSection(SolutionProperties) = preSolution
		HideSolutionNode = FALSE
	EndGlobalSection
	GlobalSection(NestedProjects) = preSolution
		{E395D3DB-DAC6-48FF-9AE7-D073D4F8BF1B} = {C9E69B7A-1C9B-4CED-89E2-9CD96667CEC0}
		{5D01FE95-A73D-4F46-BCD6-FA67AE81C25A} = {C9E69B7A-1C9B-4CED-89E2-9CD96667CEC0}
		{5ECD1654-963D-4071-8672-F3A21C1C420B} = {E395D3DB-DAC6-48FF-9AE7-D073D4F8BF1B}
		{C0C454E7-3ACF-4BC3-8FE7-D7C56A8CC21E} = {5D01FE95-A73D-4F46-BCD6-FA67AE81C25A}
		{59C1DA7E-8E6E-46B8-AE4C-040D2D1E6BC8} = {6B898F5B-8A14-425D-9546-A264A163721A}
		{BFB77FD3-DD27-4913-88BD-38D8D2774811} = {E395D3DB-DAC6-48FF-9AE7-D073D4F8BF1B}
		{0AC21C07-EE0B-43A4-8C53-D57C32C2FB4E} = {BFB77FD3-DD27-4913-88BD-38D8D2774811}
		{48917FD9-3CED-486B-ADA7-17264AAC5BD3} = {C9E69B7A-1C9B-4CED-89E2-9CD96667CEC0}
		{0D4B5CD8-AB14-4AB7-89F9-94145E8B851D} = {48917FD9-3CED-486B-ADA7-17264AAC5BD3}
		{247E0F3C-42F1-422C-BAA3-B70A9FB491A8} = {59C1DA7E-8E6E-46B8-AE4C-040D2D1E6BC8}
		{6B898F5B-8A14-425D-9546-A264A163721A} = {ED996611-FCEC-4B5A-9C30-DF6AC5C178C1}
		{39198F87-C536-4F25-B039-8CFF2CBF95A8} = {C9E69B7A-1C9B-4CED-89E2-9CD96667CEC0}
		{C970A855-5B99-4ACD-8F4D-C37FFD4895BC} = {39198F87-C536-4F25-B039-8CFF2CBF95A8}
		{C9E69B7A-1C9B-4CED-89E2-9CD96667CEC0} = {ED996611-FCEC-4B5A-9C30-DF6AC5C178C1}
		{73897096-8F72-4A19-97D2-28D9DD10C4E0} = {0D4B5CD8-AB14-4AB7-89F9-94145E8B851D}
		{A8097412-7874-4E51-9E9A-40D75BF92846} = {5ECD1654-963D-4071-8672-F3A21C1C420B}
		{A27F01EE-6D12-414E-916B-E38F987A11C0} = {0AC21C07-EE0B-43A4-8C53-D57C32C2FB4E}
		{C8FA9556-8EA5-47A5-B334-AE106EE03567} = {C0C454E7-3ACF-4BC3-8FE7-D7C56A8CC21E}
		{AE2C979B-4EA3-4756-9C84-71DF2EE81B75} = {C970A855-5B99-4ACD-8F4D-C37FFD4895BC}
		{72707343-2CA5-4014-9A62-D153FCDAE20A} = {C9E69B7A-1C9B-4CED-89E2-9CD96667CEC0}
		{DE1CD579-BE08-45E9-977B-6AD5C2D3F928} = {72707343-2CA5-4014-9A62-D153FCDAE20A}
		{0B027F0F-8FAA-4432-A00B-8FB7B34C7098} = {DE1CD579-BE08-45E9-977B-6AD5C2D3F928}
		{4B831680-60F7-4FA9-8010-37D7FB1C0232} = {407B179E-ED42-4D2F-A089-D0F3C0283079}
		{378BA4DF-EAA3-422E-9E41-60355DF7D56D} = {407B179E-ED42-4D2F-A089-D0F3C0283079}
		{5634706D-01ED-4199-B0E7-7A2AF4381CC7} = {4B831680-60F7-4FA9-8010-37D7FB1C0232}
		{1C671660-5005-4FE5-8E31-46A414285440} = {4B831680-60F7-4FA9-8010-37D7FB1C0232}
		{973D27DE-A91D-453B-9339-29A9C695EEBB} = {378BA4DF-EAA3-422E-9E41-60355DF7D56D}
		{9FFDEF1F-6B54-4161-9181-00DCC5A2DB63} = {378BA4DF-EAA3-422E-9E41-60355DF7D56D}
		{C410EB5B-1118-47CA-819B-6866B9C8D6C2} = {247E0F3C-42F1-422C-BAA3-B70A9FB491A8}
	EndGlobalSection
	GlobalSection(ExtensibilityGlobals) = postSolution
		SolutionGuid = {7E253257-825E-40F1-9BD8-3624F02E7544}
	EndGlobalSection
EndGlobal
